
Microsoft Visual Studio Solution File, Format Version 12.00
# Visual Studio Version 17
VisualStudioVersion = 17.6.33815.320
MinimumVisualStudioVersion = 10.0.40219.1
Project("{9A19103F-16F7-4668-BE54-9A1E7A4F7556}") = "DeveHashImageGenerator", "DeveHashImageGenerator\DeveHashImageGenerator.csproj", "{98DA4DAA-D0F1-4682-BD89-94D3319894FA}"
EndProject
Project("{FAE04EC0-301F-11D3-BF4B-00C04F79EFBC}") = "DeveHashImageGenerator.Tests", "DeveHashImageGenerator.Tests\DeveHashImageGenerator.Tests.csproj", "{2162D83E-98F7-4F85-BC52-4EA5F6C119DE}"
EndProject
Global
	GlobalSection(SolutionConfigurationPlatforms) = preSolution
		Debug|Any CPU = Debug|Any CPU
		Release|Any CPU = Release|Any CPU
	EndGlobalSection
	GlobalSection(ProjectConfigurationPlatforms) = postSolution
		{98DA4DAA-D0F1-4682-BD89-94D3319894FA}.Debug|Any CPU.ActiveCfg = Debug|Any CPU
		{98DA4DAA-D0F1-4682-BD89-94D3319894FA}.Debug|Any CPU.Build.0 = Debug|Any CPU
		{98DA4DAA-D0F1-4682-BD89-94D3319894FA}.Release|Any CPU.ActiveCfg = Release|Any CPU
		{98DA4DAA-D0F1-4682-BD89-94D3319894FA}.Release|Any CPU.Build.0 = Release|Any CPU
		{2162D83E-98F7-4F85-BC52-4EA5F6C119DE}.Debug|Any CPU.ActiveCfg = Debug|Any CPU
		{2162D83E-98F7-4F85-BC52-4EA5F6C119DE}.Debug|Any CPU.Build.0 = Debug|Any CPU
		{2162D83E-98F7-4F85-BC52-4EA5F6C119DE}.Release|Any CPU.ActiveCfg = Release|Any CPU
		{2162D83E-98F7-4F85-BC52-4EA5F6C119DE}.Release|Any CPU.Build.0 = Release|Any CPU
	EndGlobalSection
	GlobalSection(SolutionProperties) = preSolution
		HideSolutionNode = FALSE
	EndGlobalSection
	GlobalSection(ExtensibilityGlobals) = postSolution
		SolutionGuid = {18E78D73-A14E-422A-83EA-2469EF643B4E}
	EndGlobalSection
EndGlobal
